lockfileVersion: '9.0'

settings:
  autoInstallPeers: true
  excludeLinksFromLockfile: false

pnpmfileChecksum: sha256-UtXZV825NqHOBG69jsYGuWZ97+do7mk2t42sK5gvG2I=

importers:

  .:
    dependencies:
      prettier:
        specifier: 3.0.0
        version: 3.0.0

packages:

  prettier@3.0.0:
    resolution: {integrity: sha512-zBf5eHpwHOGPC47h0zrPyNn+eAEIdEzfywMoYn2XPi0P44Zp0tSq64rq0xAREh4auw2cJZHo9QUob+NqCQky4g==}
    engines: {node: '>=14'}
    hasBin: true

snapshots:

  prettier@3.0.0: {}
